
Microsoft Visual Studio Solution File, Format Version 12.00
# Visual Studio Version 17
VisualStudioVersion = 17.7.34202.233
MinimumVisualStudioVersion = 10.0.40219.1
Project("{FAE04EC0-301F-11D3-BF4B-00C04F79EFBC}") = "Notepad", "Notepad\Notepad.csproj", "{F83DF1AC-E69F-40A5-B89A-218CADA0C684}"
EndProject
Global
	GlobalSection(SolutionConfigurationPlatforms) = preSolution
		Debug|Any CPU = Debug|Any CPU
		Release|Any CPU = Release|Any CPU
	EndGlobalSection
	GlobalSection(ProjectConfigurationPlatforms) = postSolution
		{F83DF1AC-E69F-40A5-B89A-218CADA0C684}.Debug|Any CPU.ActiveCfg = Debug|Any CPU
		{F83DF1AC-E69F-40A5-B89A-218CADA0C684}.Debug|Any CPU.Build.0 = Debug|Any CPU
		{F83DF1AC-E69F-40A5-B89A-218CADA0C684}.Release|Any CPU.ActiveCfg = Release|Any CPU
		{F83DF1AC-E69F-40A5-B89A-218CADA0C684}.Release|Any CPU.Build.0 = Release|Any CPU
	EndGlobalSection
	GlobalSection(SolutionProperties) = preSolution
		HideSolutionNode = FALSE
	EndGlobalSection
	GlobalSection(ExtensibilityGlobals) = postSolution
		SolutionGuid = {680488E0-94DE-4CD7-B78D-A04533E71260}
	EndGlobalSection
EndGlobal
